
Microsoft Visual Studio Solution File, Format Version 11.00
# Visual Studio 2010
Project("{FAE04EC0-301F-11D3-BF4B-00C04F79EFBC}") = "ODataReferences.Web", "ODataReferences.Web\ODataReferences.Web.csproj", "{779BB545-A79B-448E-B624-42FC4033EC5B}"
EndProject
Project("{FAE04EC0-301F-11D3-BF4B-00C04F79EFBC}") = "ODataReferences.Contracts", "ODataReferences.Contracts\ODataReferences.Contracts.csproj", "{8498D2E2-0377-4835-AB71-9343640346E4}"
EndProject
Project("{FAE04EC0-301F-11D3-BF4B-00C04F79EFBC}") = "ODataReferences.Services", "ODataReferences.Services\ODataReferences.Services.csproj", "{6CFC1B7F-BA1C-41FC-BBDA-B6C4E5D4C991}"
EndProject
Global
	GlobalSection(SolutionConfigurationPlatforms) = preSolution
		Debug|Any CPU = Debug|Any CPU
		Release|Any CPU = Release|Any CPU
	EndGlobalSection
	GlobalSection(ProjectConfigurationPlatforms) = postSolution
		{779BB545-A79B-448E-B624-42FC4033EC5B}.Debug|Any CPU.ActiveCfg = Debug|Any CPU
		{779BB545-A79B-448E-B624-42FC4033EC5B}.Debug|Any CPU.Build.0 = Debug|Any CPU
		{779BB545-A79B-448E-B624-42FC4033EC5B}.Release|Any CPU.ActiveCfg = Release|Any CPU
		{779BB545-A79B-448E-B624-42FC4033EC5B}.Release|Any CPU.Build.0 = Release|Any CPU
		{8498D2E2-0377-4835-AB71-9343640346E4}.Debug|Any CPU.ActiveCfg = Debug|Any CPU
		{8498D2E2-0377-4835-AB71-9343640346E4}.Debug|Any CPU.Build.0 = Debug|Any CPU
		{8498D2E2-0377-4835-AB71-9343640346E4}.Release|Any CPU.ActiveCfg = Release|Any CPU
		{8498D2E2-0377-4835-AB71-9343640346E4}.Release|Any CPU.Build.0 = Release|Any CPU
		{6CFC1B7F-BA1C-41FC-BBDA-B6C4E5D4C991}.Debug|Any CPU.ActiveCfg = Debug|Any CPU
		{6CFC1B7F-BA1C-41FC-BBDA-B6C4E5D4C991}.Debug|Any CPU.Build.0 = Debug|Any CPU
		{6CFC1B7F-BA1C-41FC-BBDA-B6C4E5D4C991}.Release|Any CPU.ActiveCfg = Release|Any CPU
		{6CFC1B7F-BA1C-41FC-BBDA-B6C4E5D4C991}.Release|Any CPU.Build.0 = Release|Any CPU
	EndGlobalSection
	GlobalSection(SolutionProperties) = preSolution
		HideSolutionNode = FALSE
	EndGlobalSection
EndGlobal
